{
  "name": "test-server",
  "version": "1.0.0",
  "lockfileVersion": 3,
  "requires": true,
  "packages": {
    "": {
      "name": "test-server",
      "version": "1.0.0",
      "license": "ISC",
      "dependencies": {
        "@directus/sdk": "^19.0.0"
      }
    },
    "node_modules/@directus/sdk": {
      "version": "19.0.0",
      "resolved": "https://registry.npmjs.org/@directus/sdk/-/sdk-19.0.0.tgz",
      "integrity": "sha512-PSp9ddJvR5Ty3dd6zB9iZ92mI26TnI/LqvhxjJsQgcWfSP3ev+UnS0ng+xkO8RKJWN9+5O62frWvyimH8oDd8Q==",
      "license": "MIT",
      "engines": {
        "node": ">=22"
      },
      "funding": {
        "url": "https://github.com/directus/directus?sponsor=1"
      }
    }
  }
}
